
Microsoft Visual Studio Solution File, Format Version 12.00
# Visual Studio Version 16
VisualStudioVersion = 16.0.28803.352
MinimumVisualStudioVersion = 10.0.40219.1
Project("{9A19103F-16F7-4668-BE54-9A1E7A4F7556}") = "TestingWorkshop", "TestingWorkshop\TestingWorkshop.csproj", "{561DF33C-4401-4F91-AE8A-23E640586A84}"
EndProject
Project("{9A19103F-16F7-4668-BE54-9A1E7A4F7556}") = "UnitTestingFundamentals", "UnitTestingFundamentals\UnitTestingFundamentals.csproj", "{E4CBBEA2-872E-4929-9AA5-ED2629701095}"
EndProject
Project("{FAE04EC0-301F-11D3-BF4B-00C04F79EFBC}") = "TestingWorkshop.Unit", "TestingWorkshop.Unit\TestingWorkshop.Unit.csproj", "{B019733D-E25F-49D9-83A6-6B1C100C2788}"
EndProject
Project("{FAE04EC0-301F-11D3-BF4B-00C04F79EFBC}") = "TestingWorkshop.Unit.Tests", "TestingWorkshop.Unit.Tests\TestingWorkshop.Unit.Tests.csproj", "{D505111A-70EA-440C-9EF4-D1161D7F7275}"
EndProject
Global
	GlobalSection(SolutionConfigurationPlatforms) = preSolution
		Debug|Any CPU = Debug|Any CPU
		Release|Any CPU = Release|Any CPU
	EndGlobalSection
	GlobalSection(ProjectConfigurationPlatforms) = postSolution
		{561DF33C-4401-4F91-AE8A-23E640586A84}.Debug|Any CPU.ActiveCfg = Debug|Any CPU
		{561DF33C-4401-4F91-AE8A-23E640586A84}.Debug|Any CPU.Build.0 = Debug|Any CPU
		{561DF33C-4401-4F91-AE8A-23E640586A84}.Release|Any CPU.ActiveCfg = Release|Any CPU
		{561DF33C-4401-4F91-AE8A-23E640586A84}.Release|Any CPU.Build.0 = Release|Any CPU
		{E4CBBEA2-872E-4929-9AA5-ED2629701095}.Debug|Any CPU.ActiveCfg = Debug|Any CPU
		{E4CBBEA2-872E-4929-9AA5-ED2629701095}.Debug|Any CPU.Build.0 = Debug|Any CPU
		{E4CBBEA2-872E-4929-9AA5-ED2629701095}.Release|Any CPU.ActiveCfg = Release|Any CPU
		{E4CBBEA2-872E-4929-9AA5-ED2629701095}.Release|Any CPU.Build.0 = Release|Any CPU
		{B019733D-E25F-49D9-83A6-6B1C100C2788}.Debug|Any CPU.ActiveCfg = Debug|Any CPU
		{B019733D-E25F-49D9-83A6-6B1C100C2788}.Debug|Any CPU.Build.0 = Debug|Any CPU
		{B019733D-E25F-49D9-83A6-6B1C100C2788}.Release|Any CPU.ActiveCfg = Release|Any CPU
		{B019733D-E25F-49D9-83A6-6B1C100C2788}.Release|Any CPU.Build.0 = Release|Any CPU
		{D505111A-70EA-440C-9EF4-D1161D7F7275}.Debug|Any CPU.ActiveCfg = Debug|Any CPU
		{D505111A-70EA-440C-9EF4-D1161D7F7275}.Debug|Any CPU.Build.0 = Debug|Any CPU
		{D505111A-70EA-440C-9EF4-D1161D7F7275}.Release|Any CPU.ActiveCfg = Release|Any CPU
		{D505111A-70EA-440C-9EF4-D1161D7F7275}.Release|Any CPU.Build.0 = Release|Any CPU
	EndGlobalSection
	GlobalSection(SolutionProperties) = preSolution
		HideSolutionNode = FALSE
	EndGlobalSection
	GlobalSection(ExtensibilityGlobals) = postSolution
		SolutionGuid = {FAC1970A-1B6C-444A-BF72-659D34871529}
	EndGlobalSection
EndGlobal
